{
  "name": "fn-debounce",
  "version": "1.0.2",
  "lockfileVersion": 3,
  "requires": true,
  "packages": {
    "": {
      "name": "fn-debounce",
      "version": "1.0.2",
      "license": "MIT",
      "dependencies": {
        "@jslint-org/jslint": "^2023.10.24"
      }
    },
    "node_modules/@jslint-org/jslint": {
      "version": "2023.10.24",
      "resolved": "https://registry.npmjs.org/@jslint-org/jslint/-/jslint-2023.10.24.tgz",
      "integrity": "sha512-7KWnstpkq2n8CknxF5+5GnlfuoLmy48YHFiOEWzo3aY+xOoLJdX5HXDqlYopLEfuhQmLEBS0YuUnqA+1BRktJA==",
      "bin": {
        "jslint": "jslint.mjs"
      }
    }
  }
}
